
Microsoft Visual Studio Solution File, Format Version 12.00
# Visual Studio 15
VisualStudioVersion = 15.0.28010.2041
MinimumVisualStudioVersion = 10.0.40219.1
Project("{FAE04EC0-301F-11D3-BF4B-00C04F79EFBC}") = "BE", "BE\BE.csproj", "{8F8BD8BB-730F-4EEA-B9E7-7A2C0AC9F612}"
EndProject
Project("{FAE04EC0-301F-11D3-BF4B-00C04F79EFBC}") = "BL", "BL\BL.csproj", "{9E2BE37D-6DD5-48C9-B464-7C5351BFCF31}"
EndProject
Project("{FAE04EC0-301F-11D3-BF4B-00C04F79EFBC}") = "DAL", "DAL\DAL.csproj", "{4DD3E129-066F-4787-800F-1F21DBA13816}"
EndProject
Project("{FAE04EC0-301F-11D3-BF4B-00C04F79EFBC}") = "DS", "DS\DS.csproj", "{91C85945-2C4D-49A0-88B4-A155A4D75D0A}"
EndProject
Project("{FAE04EC0-301F-11D3-BF4B-00C04F79EFBC}") = "PLWPF", "PLWPF\PLWPF.csproj", "{2750CDE5-0413-43EE-8CF5-0BEFB032D88B}"
EndProject
Global
	GlobalSection(SolutionConfigurationPlatforms) = preSolution
		Debug|Any CPU = Debug|Any CPU
		Release|Any CPU = Release|Any CPU
	EndGlobalSection
	GlobalSection(ProjectConfigurationPlatforms) = postSolution
		{8F8BD8BB-730F-4EEA-B9E7-7A2C0AC9F612}.Debug|Any CPU.ActiveCfg = Debug|Any CPU
		{8F8BD8BB-730F-4EEA-B9E7-7A2C0AC9F612}.Debug|Any CPU.Build.0 = Debug|Any CPU
		{8F8BD8BB-730F-4EEA-B9E7-7A2C0AC9F612}.Release|Any CPU.ActiveCfg = Release|Any CPU
		{8F8BD8BB-730F-4EEA-B9E7-7A2C0AC9F612}.Release|Any CPU.Build.0 = Release|Any CPU
		{9E2BE37D-6DD5-48C9-B464-7C5351BFCF31}.Debug|Any CPU.ActiveCfg = Debug|Any CPU
		{9E2BE37D-6DD5-48C9-B464-7C5351BFCF31}.Debug|Any CPU.Build.0 = Debug|Any CPU
		{9E2BE37D-6DD5-48C9-B464-7C5351BFCF31}.Release|Any CPU.ActiveCfg = Release|Any CPU
		{9E2BE37D-6DD5-48C9-B464-7C5351BFCF31}.Release|Any CPU.Build.0 = Release|Any CPU
		{4DD3E129-066F-4787-800F-1F21DBA13816}.Debug|Any CPU.ActiveCfg = Debug|Any CPU
		{4DD3E129-066F-4787-800F-1F21DBA13816}.Debug|Any CPU.Build.0 = Debug|Any CPU
		{4DD3E129-066F-4787-800F-1F21DBA13816}.Release|Any CPU.ActiveCfg = Release|Any CPU
		{4DD3E129-066F-4787-800F-1F21DBA13816}.Release|Any CPU.Build.0 = Release|Any CPU
		{91C85945-2C4D-49A0-88B4-A155A4D75D0A}.Debug|Any CPU.ActiveCfg = Debug|Any CPU
		{91C85945-2C4D-49A0-88B4-A155A4D75D0A}.Debug|Any CPU.Build.0 = Debug|Any CPU
		{91C85945-2C4D-49A0-88B4-A155A4D75D0A}.Release|Any CPU.ActiveCfg = Release|Any CPU
		{91C85945-2C4D-49A0-88B4-A155A4D75D0A}.Release|Any CPU.Build.0 = Release|Any CPU
		{2750CDE5-0413-43EE-8CF5-0BEFB032D88B}.Debug|Any CPU.ActiveCfg = Debug|Any CPU
		{2750CDE5-0413-43EE-8CF5-0BEFB032D88B}.Debug|Any CPU.Build.0 = Debug|Any CPU
		{2750CDE5-0413-43EE-8CF5-0BEFB032D88B}.Release|Any CPU.ActiveCfg = Release|Any CPU
		{2750CDE5-0413-43EE-8CF5-0BEFB032D88B}.Release|Any CPU.Build.0 = Release|Any CPU
	EndGlobalSection
	GlobalSection(SolutionProperties) = preSolution
		HideSolutionNode = FALSE
	EndGlobalSection
	GlobalSection(ExtensibilityGlobals) = postSolution
		SolutionGuid = {1BCE9B9B-1630-4151-A5B9-F0AB1888258C}
	EndGlobalSection
EndGlobal
